
Microsoft Visual Studio Solution File, Format Version 12.00
# Visual Studio 2012
Project("{FAE04EC0-301F-11D3-BF4B-00C04F79EFBC}") = "NDOnlineGym_2017", "NDOnlineGym_2017\NDOnlineGym_2017.csproj", "{EA8FCA37-0C7E-4BF7-90F7-782892CA0B82}"
EndProject
Project("{FAE04EC0-301F-11D3-BF4B-00C04F79EFBC}") = "DataAccessLayer", "DataAccessLayer\DataAccessLayer.csproj", "{DB88B722-43DB-4E27-A6D2-0E29595B5F18}"
EndProject
Project("{FAE04EC0-301F-11D3-BF4B-00C04F79EFBC}") = "BusinessAccessLayer", "BusinessAccessLayer\BusinessAccessLayer.csproj", "{C18B3494-B041-449F-B444-26541C81D4A0}"
EndProject
Global
	GlobalSection(SolutionConfigurationPlatforms) = preSolution
		Debug|Any CPU = Debug|Any CPU
		Release|Any CPU = Release|Any CPU
	EndGlobalSection
	GlobalSection(ProjectConfigurationPlatforms) = postSolution
		{EA8FCA37-0C7E-4BF7-90F7-782892CA0B82}.Debug|Any CPU.ActiveCfg = Debug|Any CPU
		{EA8FCA37-0C7E-4BF7-90F7-782892CA0B82}.Debug|Any CPU.Build.0 = Debug|Any CPU
		{EA8FCA37-0C7E-4BF7-90F7-782892CA0B82}.Release|Any CPU.ActiveCfg = Release|Any CPU
		{EA8FCA37-0C7E-4BF7-90F7-782892CA0B82}.Release|Any CPU.Build.0 = Release|Any CPU
		{DB88B722-43DB-4E27-A6D2-0E29595B5F18}.Debug|Any CPU.ActiveCfg = Debug|Any CPU
		{DB88B722-43DB-4E27-A6D2-0E29595B5F18}.Debug|Any CPU.Build.0 = Debug|Any CPU
		{DB88B722-43DB-4E27-A6D2-0E29595B5F18}.Release|Any CPU.ActiveCfg = Release|Any CPU
		{DB88B722-43DB-4E27-A6D2-0E29595B5F18}.Release|Any CPU.Build.0 = Release|Any CPU
		{C18B3494-B041-449F-B444-26541C81D4A0}.Debug|Any CPU.ActiveCfg = Debug|Any CPU
		{C18B3494-B041-449F-B444-26541C81D4A0}.Debug|Any CPU.Build.0 = Debug|Any CPU
		{C18B3494-B041-449F-B444-26541C81D4A0}.Release|Any CPU.ActiveCfg = Release|Any CPU
		{C18B3494-B041-449F-B444-26541C81D4A0}.Release|Any CPU.Build.0 = Release|Any CPU
	EndGlobalSection
	GlobalSection(SolutionProperties) = preSolution
		HideSolutionNode = FALSE
	EndGlobalSection
EndGlobal
